
Microsoft Visual Studio Solution File, Format Version 12.00
# Visual Studio Version 17
VisualStudioVersion = 17.14.36327.8 d17.14
MinimumVisualStudioVersion = 10.0.40219.1
Project("{FAE04EC0-301F-11D3-BF4B-00C04F79EFBC}") = "ReverseNum", "ReverseNum\ReverseNum.csproj", "{98FAF3D9-57F8-447F-BA39-977C581BA0DD}"
EndProject
Global
	GlobalSection(SolutionConfigurationPlatforms) = preSolution
		Debug|Any CPU = Debug|Any CPU
		Release|Any CPU = Release|Any CPU
	EndGlobalSection
	GlobalSection(ProjectConfigurationPlatforms) = postSolution
		{98FAF3D9-57F8-447F-BA39-977C581BA0DD}.Debug|Any CPU.ActiveCfg = Debug|Any CPU
		{98FAF3D9-57F8-447F-BA39-977C581BA0DD}.Debug|Any CPU.Build.0 = Debug|Any CPU
		{98FAF3D9-57F8-447F-BA39-977C581BA0DD}.Release|Any CPU.ActiveCfg = Release|Any CPU
		{98FAF3D9-57F8-447F-BA39-977C581BA0DD}.Release|Any CPU.Build.0 = Release|Any CPU
	EndGlobalSection
	GlobalSection(SolutionProperties) = preSolution
		HideSolutionNode = FALSE
	EndGlobalSection
	GlobalSection(ExtensibilityGlobals) = postSolution
		SolutionGuid = {208786F2-47B4-4EC3-9B11-4ADF2AD147CC}
	EndGlobalSection
EndGlobal
