
Microsoft Visual Studio Solution File, Format Version 12.00
# Visual Studio Version 17
VisualStudioVersion = 17.14.36414.22 d17.14
MinimumVisualStudioVersion = 10.0.40219.1
Project("{FAE04EC0-301F-11D3-BF4B-00C04F79EFBC}") = "backaccount", "backaccount\backaccount.csproj", "{03376EEF-1806-463F-AAE9-8F68E756F36B}"
EndProject
Global
	GlobalSection(SolutionConfigurationPlatforms) = preSolution
		Debug|Any CPU = Debug|Any CPU
		Release|Any CPU = Release|Any CPU
	EndGlobalSection
	GlobalSection(ProjectConfigurationPlatforms) = postSolution
		{03376EEF-1806-463F-AAE9-8F68E756F36B}.Debug|Any CPU.ActiveCfg = Debug|Any CPU
		{03376EEF-1806-463F-AAE9-8F68E756F36B}.Debug|Any CPU.Build.0 = Debug|Any CPU
		{03376EEF-1806-463F-AAE9-8F68E756F36B}.Release|Any CPU.ActiveCfg = Release|Any CPU
		{03376EEF-1806-463F-AAE9-8F68E756F36B}.Release|Any CPU.Build.0 = Release|Any CPU
	EndGlobalSection
	GlobalSection(SolutionProperties) = preSolution
		HideSolutionNode = FALSE
	EndGlobalSection
	GlobalSection(ExtensibilityGlobals) = postSolution
		SolutionGuid = {AE353C93-2039-4C77-AA9D-FE6A99EC4090}
	EndGlobalSection
EndGlobal
